{
  "originHash" : "c322e72c07311e1b7b6498fbe11e1dac74087f5293f45d61c245ee5528e185fe",
  "pins" : [
    {
      "identity" : "pgcommon",
      "kind" : "remoteSourceControl",
      "location" : "https://github.com/eidria/PGCommon.git",
      "state" : {
        "branch" : "main",
        "revision" : "1506aa4426ab4e8162b1298bac95cae3b71734b3"
      }
    }
  ],
  "version" : 3
}
