{
  "originHash" : "4e44185dbd1cf5010da1c0ad805342400ea3c1bc4908a4baaf6aec4a20e49c29",
  "pins" : [
    {
      "identity" : "concurrencysafelogger",
      "kind" : "remoteSourceControl",
      "location" : "https://github.com/eidria/ConcurrencySafeLogger.git",
      "state" : {
        "branch" : "main",
        "revision" : "7aa79e14cee751a837d73ca02b6ffe075388b1c3"
      }
    },
    {
      "identity" : "pgcommon",
      "kind" : "remoteSourceControl",
      "location" : "https://github.com/eidria/PGCommon.git",
      "state" : {
        "branch" : "main",
        "revision" : "1506aa4426ab4e8162b1298bac95cae3b71734b3"
      }
    }
  ],
  "version" : 3
}
